github.com/alecthomas/chroma v0.9.3-0.20210819222803-2eba3ce9a1fd h1:s2mRyd3eyD8IzvKQ571jenu4N8vTmwZVmzB6thc5TPw=
github.com/alecthomas/chroma v0.9.3-0.20210819222803-2eba3ce9a1fd/go.mod h1:EIjklCi6a5txo3HXoBzoNcseI9Ly9dG911kv1XWVEVc=
github.com/danwakefield/fnmatch v0.0.0-20160403171240-cbb64ac3d964 h1:y5HC9v93H5EPKqaS1UYVg1uYah5Xf51mBfIoWehClUQ=
github.com/danwakefield/fnmatch v0.0.0-20160403171240-cbb64ac3d964/go.mod h1:Xd9hchkHSWYkEqJwUGisez3G1QY8Ryz0sdWrLPMGjLk=
github.com/davecgh/go-spew v1.1.0/go.mod h1:J7Y8YcW2NihsgmVo/mv3lAwl/skON4iLHjSsI+c5H38=
github.com/davecgh/go-spew v1.1.1 h1:vj9j/u1bqnvCEfJOwUhtlOARqs3+rkHYY13jYWTU97c=
github.com/davecgh/go-spew v1.1.1/go.mod h1:J7Y8YcW2NihsgmVo/mv3lAwl/skON4iLHjSsI+c5H38=
github.com/dlclark/regexp2 v1.4.0 h1:F1rxgk7p4uKjwIQxBs9oAXe5CqrXlCduYEJvrF4u93E=
github.com/dlclark/regexp2 v1.4.0/go.mod h1:2pZnwuY/m+8K6iRw6wQdMtk+rH5tNGR1i55kozfMjCc=
github.com/fsnotify/fsnotify v1.5.1 h1:mZcQUHVQUQWoPXXtuf9yuEXKudkV2sx1E06UadKWpgI=
github.com/fsnotify/fsnotify v1.5.1/go.mod h1:T3375wBYaZdLLcVNkcVbzGHY7f1l/uK5T5Ai1i3InKU=
github.com/gotidy/ptr v1.3.0 h1:5wdrH1G8X4txy6fbWWRznr7k974wMWtePWP3p6s1API=
github.com/gotidy/ptr v1.3.0/go.mod h1:vpltyHhOZE+NGXUiwpVl3wV9AGEBlxhdnaimPDxRLxg=
github.com/mitranim/afr v0.6.1 h1:scTdjWoYnogLHLEZJglZPI2Vz7oQZxzCDZfzazi+Y20=
github.com/mitranim/afr v0.6.1/go.mod h1:1Gk/0UvjWTJdQ8BBcwl7Y0YsjWYa3FEgxeGZYwsMPzk=
github.com/mitranim/cmd v0.1.1 h1:iMY6zBQaTYaXbnCZQwa0fpEJE/Lgt519WaVdW+1k6y0=
github.com/mitranim/cmd v0.1.1/go.mod h1:L3wDcJjmhcGOLadn3C1DXAbfXS+Z3eelIJmtLo1Gl7U=
github.com/mitranim/gax v0.2.0 h1:gipczgajENSTIcO30K58M31+odBmMt6wOQqkch4kysk=
github.com/mitranim/gax v0.2.0/go.mod h1:9HbNtV9o9xPEX+yHqB+xwGJOQZ2P+85op27BRciU/oU=
github.com/mitranim/gt v0.1.9 h1:zE95tntCkrre3wkxur6MGgeQnS4KWeGAEoeSE35JuSQ=
github.com/mitranim/gt v0.1.9/go.mod h1:ZvvE+nu79IKTGRBKIgZw6a7abu0dYTZTTTc6I+VYjf8=
github.com/mitranim/gt v0.1.15 h1:g5PMRGcGRfqYuIhf8+C9pVzYwxokOo/i8oNntOYg3yc=
github.com/mitranim/gt v0.1.15/go.mod h1:ZvvE+nu79IKTGRBKIgZw6a7abu0dYTZTTTc6I+VYjf8=
github.com/mitranim/rout v0.4.0 h1:HiTY0gPBTz0WAstZaWtFU9KYpFCJ9UDAPcyp4mQbhjw=
github.com/mitranim/rout v0.4.0/go.mod h1:pqzeuykvgmBwM72Tdewrgz9rJHanniiuJaKGLu1eV4E=
github.com/mitranim/rout v0.5.0 h1:ZkKn+CnqJSoyXkColEdYULVpnYdBN9D+h+yEiiUZdI4=
github.com/mitranim/rout v0.5.0/go.mod h1:pqzeuykvgmBwM72Tdewrgz9rJHanniiuJaKGLu1eV4E=
github.com/mitranim/srv v0.0.0-20210207104346-0df64d1a7dff h1:eocqoz9dSI4w1RySMrJbG9U4rmYCd7dHXNgqtFD3SdA=
github.com/mitranim/srv v0.0.0-20210207104346-0df64d1a7dff/go.mod h1:gl+FDnbdGUQzQGTaLN8KpJWTf1r1LEuPbcDz/rSOipA=
github.com/mitranim/try v0.1.5 h1:ioqnljgOzOEW271qKACE/zx2dvawqhhQtFNs6KTWNrY=
github.com/mitranim/try v0.1.5/go.mod h1:ipAI5o4KhJtrgYjpPyxFrpe2ef03QaneyOavKLcMORE=
github.com/pkg/errors v0.9.1 h1:FEBLx1zS214owpjy7qsBeixbURkuhQAwrK5UwLGTwt4=
github.com/pkg/errors v0.9.1/go.mod h1:bwawxfHBFNV+L2hUp1rHADufV3IMtnDRdf1r5NINEl0=
github.com/pmezard/go-difflib v1.0.0 h1:4DBwDE0NGyQoBHbLQYPwSUPoCMWR5BEzIk/f1lZbAQM=
github.com/pmezard/go-difflib v1.0.0/go.mod h1:iKH77koFhYxTK1pcRnkKkqfTogsbg7gZNVY4sRDYZ/4=
github.com/russross/blackfriday/v2 v2.1.0 h1:JIOH55/0cWyOuilr9/qlrm0BSXldqnqwMsf35Ld67mk=
github.com/russross/blackfriday/v2 v2.1.0/go.mod h1:+Rmxgy9KzJVeS9/2gXHxylqXiyQDYRxCVz55jmeOWTM=
github.com/shurcooL/sanitized_anchor_name v1.0.0 h1:PdmoCO6wvbs+7yrJyMORt4/BmY5IYyJwS/kOiWx8mHo=
github.com/shurcooL/sanitized_anchor_name v1.0.0/go.mod h1:1NzhyTcUVG4SuEtjjoZeVRXNmyL/1OwPU0+IJeTBvfc=
github.com/stretchr/objx v0.1.0/go.mod h1:HFkY916IF+rwdDfMAkV7OtwuqBVzrE8GR6GFx+wExME=
github.com/stretchr/testify v1.3.0 h1:TivCn/peBQ7UY8ooIcPgZFpTNSz0Q2U6UrFlUfqbe0Q=
github.com/stretchr/testify v1.3.0/go.mod h1:M5WIy9Dh21IEIfnGCwXGc5bZfKNJtfHm1UVUgZn+9EI=
golang.org/x/sys v0.0.0-20210630005230-0f9fa26af87c h1:F1jZWGFhYfh0Ci55sIpILtKKK8p3i2/krTr0H1rg74I=
golang.org/x/sys v0.0.0-20210630005230-0f9fa26af87c/go.mod h1:oPkhp1MJrh7nUepCBck5+mAzfO9JrbApNNgaTdGDITg=
